PODS:
  - IQKeyboardManagerSwift (7.0.3)
  - Kingfisher (7.11.0)
  - MJRefresh (3.7.9)
  - PINCache (3.0.4):
    - PINCache/Arc-exception-safe (= 3.0.4)
    - PINCache/Core (= 3.0.4)
  - PINCache/Arc-exception-safe (3.0.4):
    - PINCache/Core
  - PINCache/Core (3.0.4):
    - PINOperation (~> 1.2.3)
  - PINOperation (1.2.3)
  - SwiftEntryKit (2.0.0)
  - SwiftLint (0.54.0)
  - VideoConverter (0.1.5)
  - VideoTrim (0.1.7)

DEPENDENCIES:
  - IQKeyboardManagerSwift
  - Kingfisher
  - MJRefresh
  - PINCache
  - SwiftEntryKit
  - SwiftLint
  - VideoConverter
  - VideoTrim

SPEC REPOS:
  trunk:
    - IQKeyboardManagerSwift
    - Kingfisher
    - MJRefresh
    - PINCache
    - PINOperation
    - SwiftEntryKit
    - SwiftLint
    - VideoConverter
    - VideoTrim

SPEC CHECKSUMS:
  IQKeyboardManagerSwift: f9c5dc36cba16ddd2e51fa7d51c34a2e083029b5
  Kingfisher: b9c985d864d43515f404f1ef4a8ce7d802ace3ac
  MJRefresh: ff9e531227924c84ce459338414550a05d2aea78
  PINCache: d9a87a0ff397acffe9e2f0db972ac14680441158
  PINOperation: fb563bcc9c32c26d6c78aaff967d405aa2ee74a7
  SwiftEntryKit: 61b5fa36f34a97dd8013e48a7345bc4c4720be9a
  SwiftLint: c1de071d9d08c8aba837545f6254315bc900e211
  VideoConverter: 9b3d34e7c0987b85cbd80b3c50043a4291f934aa
  VideoTrim: 5f0192644a7189d95c76061fd36425e3e827383a

PODFILE CHECKSUM: 4294c54754043da277d297bf1a077012acad816f

COCOAPODS: 1.15.2
