// !$*UTF8*$!
{
	archiveVersion = 1;
	classes = {
	};
	objectVersion = 56;
	objects = {

/* Begin PBXBuildFile section */
		48E0B7F14B5CBCE140A8510B /* Pods_EnsembleWaveTests.framework in Frameworks */ = {isa = PBXBuildFile; fileRef = 5151ECB7FEFFE1A5221565F0 /* Pods_EnsembleWaveTests.framework */; };
		9F007E672BC5107C00C22E5E /* AppDelegate.swift in Sources */ = {isa = PBXBuildFile; fileRef = 9F007E662BC5107C00C22E5E /* AppDelegate.swift */; };
		9F007E692BC5107C00C22E5E /* SceneDelegate.swift in Sources */ = {isa = PBXBuildFile; fileRef = 9F007E682BC5107C00C22E5E /* SceneDelegate.swift */; };
		9F007E6E2BC5107C00C22E5E /* Base in Resources */ = {isa = PBXBuildFile; fileRef = 9F007E6D2BC5107C00C22E5E /* Base */; };
		9F007E712BC5107C00C22E5E /* EnsembleWave.xcdatamodeld in Sources */ = {isa = PBXBuildFile; fileRef = 9F007E6F2BC5107C00C22E5E /* EnsembleWave.xcdatamodeld */; };
		9F007E732BC5107E00C22E5E /* Assets.xcassets in Resources */ = {isa = PBXBuildFile; fileRef = 9F007E722BC5107E00C22E5E /* Assets.xcassets */; };
		9F007E762BC5107E00C22E5E /* Base in Resources */ = {isa = PBXBuildFile; fileRef = 9F007E752BC5107E00C22E5E /* Base */; };
		9F007E812BC5107E00C22E5E /* EnsembleWaveTests.swift in Sources */ = {isa = PBXBuildFile; fileRef = 9F007E802BC5107E00C22E5E /* EnsembleWaveTests.swift */; };
		9F007E8B2BC5107E00C22E5E /* EnsembleWaveUITests.swift in Sources */ = {isa = PBXBuildFile; fileRef = 9F007E8A2BC5107E00C22E5E /* EnsembleWaveUITests.swift */; };
		9F007E8D2BC5107E00C22E5E /* EnsembleWaveUITestsLaunchTests.swift in Sources */ = {isa = PBXBuildFile; fileRef = 9F007E8C2BC5107E00C22E5E /* EnsembleWaveUITestsLaunchTests.swift */; };
		9F007E9A2BC519D100C22E5E /* ChooseStyleViewController.swift in Sources */ = {isa = PBXBuildFile; fileRef = 9F007E992BC519D100C22E5E /* ChooseStyleViewController.swift */; };
		9F007E9F2BC51AAD00C22E5E /* ChooseLengthTableViewController.swift in Sources */ = {isa = PBXBuildFile; fileRef = 9F007E9E2BC51AAD00C22E5E /* ChooseLengthTableViewController.swift */; };
		9F007EA22BC51BFC00C22E5E /* RecordingStoryboard.storyboard in Resources */ = {isa = PBXBuildFile; fileRef = 9F007EA12BC51BFC00C22E5E /* RecordingStoryboard.storyboard */; };
		9F007EA42BC51F7600C22E5E /* CreateViewController.swift in Sources */ = {isa = PBXBuildFile; fileRef = 9F007EA32BC51F7500C22E5E /* CreateViewController.swift */; };
		9F007EA72BC520DA00C22E5E /* Style.swift in Sources */ = {isa = PBXBuildFile; fileRef = 9F007EA62BC520DA00C22E5E /* Style.swift */; };
		9F007EA92BC5978700C22E5E /* RecordingHomePageViewController.swift in Sources */ = {isa = PBXBuildFile; fileRef = 9F007EA82BC5978700C22E5E /* RecordingHomePageViewController.swift */; };
		9F26D0662BD746E800C69465 /* Lottie in Frameworks */ = {isa = PBXBuildFile; productRef = 9F26D0652BD746E800C69465 /* Lottie */; };
		9F26D0692BD74E6C00C69465 /* Animation00.json in Resources */ = {isa = PBXBuildFile; fileRef = 9F26D0682BD74E6C00C69465 /* Animation00.json */; };
		9F3FD9F82BD12C0000A03E22 /* LengthCell.swift in Sources */ = {isa = PBXBuildFile; fileRef = 9F3FD9F72BD12C0000A03E22 /* LengthCell.swift */; };
		9F4462B62BD39FBB00462C44 /* AVCaptureVideoDataOutputSampleBufferDelegate.swift in Sources */ = {isa = PBXBuildFile; fileRef = 9F4462B52BD39FBB00462C44 /* AVCaptureVideoDataOutputSampleBufferDelegate.swift */; };
		9F4462B82BD4434200462C44 /* ReplyViewController.swift in Sources */ = {isa = PBXBuildFile; fileRef = 9F4462B72BD4434200462C44 /* ReplyViewController.swift */; };
		9F4462BA2BD503BB00462C44 /* ReplyDetailTableViewCell.swift in Sources */ = {isa = PBXBuildFile; fileRef = 9F4462B92BD503BB00462C44 /* ReplyDetailTableViewCell.swift */; };
		9F4462BD2BD5261700462C44 /* UserManager.swift in Sources */ = {isa = PBXBuildFile; fileRef = 9F4462BC2BD5261700462C44 /* UserManager.swift */; };
		9F4463262BD65E4900462C44 /* MusicViewController.swift in Sources */ = {isa = PBXBuildFile; fileRef = 9F4463252BD65E4900462C44 /* MusicViewController.swift */; };
		9F4463282BD6653B00462C44 /* MusicType.swift in Sources */ = {isa = PBXBuildFile; fileRef = 9F4463272BD6653B00462C44 /* MusicType.swift */; };
		9F5A51B92BCE1D0A00070186 /* AVAsset+Extension.swift in Sources */ = {isa = PBXBuildFile; fileRef = 9F5A51B82BCE1D0A00070186 /* AVAsset+Extension.swift */; };
		9F5A51BB2BCEC68900070186 /* ExportError.swift in Sources */ = {isa = PBXBuildFile; fileRef = 9F5A51BA2BCEC68900070186 /* ExportError.swift */; };
		9F5A51BD2BCF9A4700070186 /* Data.swift in Sources */ = {isa = PBXBuildFile; fileRef = 9F5A51BC2BCF9A4700070186 /* Data.swift */; };
		9F5A51C02BCFC2C300070186 /* PostToWallViewController.xib in Resources */ = {isa = PBXBuildFile; fileRef = 9F5A51BF2BCFC2C300070186 /* PostToWallViewController.xib */; };
		9F5A51C12BCFC2C300070186 /* PostToWallViewController.swift in Sources */ = {isa = PBXBuildFile; fileRef = 9F5A51BE2BCFC2C300070186 /* PostToWallViewController.swift */; };
		9F5A51C32BD004C100070186 /* WallViewController.swift in Sources */ = {isa = PBXBuildFile; fileRef = 9F5A51C22BD004C100070186 /* WallViewController.swift */; };
		9F5A51C52BD018C900070186 /* VideoCell.swift in Sources */ = {isa = PBXBuildFile; fileRef = 9F5A51C42BD018C900070186 /* VideoCell.swift */; };
		9F5A51C72BD01A8100070186 /* OptionsCell.swift in Sources */ = {isa = PBXBuildFile; fileRef = 9F5A51C62BD01A8100070186 /* OptionsCell.swift */; };
		9F5A51C92BD01AFD00070186 /* LikesCountCell.swift in Sources */ = {isa = PBXBuildFile; fileRef = 9F5A51C82BD01AFD00070186 /* LikesCountCell.swift */; };
		9F5A51CB2BD01B3300070186 /* ContentCell.swift in Sources */ = {isa = PBXBuildFile; fileRef = 9F5A51CA2BD01B3300070186 /* ContentCell.swift */; };
		9F5A51CD2BD01B7600070186 /* TagsCell.swift in Sources */ = {isa = PBXBuildFile; fileRef = 9F5A51CC2BD01B7600070186 /* TagsCell.swift */; };
		9F5A51CF2BD01B9900070186 /* RepliesCell.swift in Sources */ = {isa = PBXBuildFile; fileRef = 9F5A51CE2BD01B9900070186 /* RepliesCell.swift */; };
		9F6B5D602BC804FD00509F5F /* ShareViewController.swift in Sources */ = {isa = PBXBuildFile; fileRef = 9F6B5D5F2BC804FD00509F5F /* ShareViewController.swift */; };
		9F6B5D642BCD383A00509F5F /* VideoView.swift in Sources */ = {isa = PBXBuildFile; fileRef = 9F6B5D632BCD383A00509F5F /* VideoView.swift */; };
		9F6FDA902BD7C2E700315B13 /* ViewController+Extension.swift in Sources */ = {isa = PBXBuildFile; fileRef = 9F6FDA8F2BD7C2E700315B13 /* ViewController+Extension.swift */; };
		9F99AFB22BC79857003671BF /* FirebaseAuth in Frameworks */ = {isa = PBXBuildFile; productRef = 9F99AFB12BC79857003671BF /* FirebaseAuth */; };
		9F99AFB42BC79857003671BF /* FirebaseFirestoreSwift in Frameworks */ = {isa = PBXBuildFile; productRef = 9F99AFB32BC79857003671BF /* FirebaseFirestoreSwift */; };
		9F99AFB62BC79857003671BF /* FirebaseStorage in Frameworks */ = {isa = PBXBuildFile; productRef = 9F99AFB52BC79857003671BF /* FirebaseStorage */; };
		9F99AFB82BC7B160003671BF /* (null) in Resources */ = {isa = PBXBuildFile; };
		9F99AFBA2BC7D131003671BF /* GoogleService-Info.plist in Resources */ = {isa = PBXBuildFile; fileRef = 9F99AFB92BC7D131003671BF /* GoogleService-Info.plist */; };
		B8472009B49679B5671FB722 /* Pods_EnsembleWave.framework in Frameworks */ = {isa = PBXBuildFile; fileRef = AF8A4210E4C6EB1AE602BBB5 /* Pods_EnsembleWave.framework */; };
		E05B02D0B93EF9664C522C10 /* Pods_EnsembleWave_EnsembleWaveUITests.framework in Frameworks */ = {isa = PBXBuildFile; fileRef = 4D955A00B2C7036CEEACF668 /* Pods_EnsembleWave_EnsembleWaveUITests.framework */; };
/* End PBXBuildFile section */

/* Begin PBXContainerItemProxy section */
		9F007E7D2BC5107E00C22E5E /* PBXContainerItemProxy */ = {
			isa = PBXContainerItemProxy;
			containerPortal = 9F007E5B2BC5107C00C22E5E /* Project object */;
			proxyType = 1;
			remoteGlobalIDString = 9F007E622BC5107C00C22E5E;
			remoteInfo = EnsembleWave;
		};
		9F007E872BC5107E00C22E5E /* PBXContainerItemProxy */ = {
			isa = PBXContainerItemProxy;
			containerPortal = 9F007E5B2BC5107C00C22E5E /* Project object */;
			proxyType = 1;
			remoteGlobalIDString = 9F007E622BC5107C00C22E5E;
			remoteInfo = EnsembleWave;
		};
/* End PBXContainerItemProxy section */

/* Begin PBXFileReference section */
		063D12577E3963929A1EE67B /* Pods-EnsembleWave-EnsembleWaveUITests.release.xcconfig */ = {isa = PBXFileReference; includeInIndex = 1; lastKnownFileType = text.xcconfig; name = "Pods-EnsembleWave-EnsembleWaveUITests.release.xcconfig"; path = "Target Support Files/Pods-EnsembleWave-EnsembleWaveUITests/Pods-EnsembleWave-EnsembleWaveUITests.release.xcconfig"; sourceTree = "<group>"; };
		30790F7871CC76FA7424CD1C /* Pods-EnsembleWave.debug.xcconfig */ = {isa = PBXFileReference; includeInIndex = 1; lastKnownFileType = text.xcconfig; name = "Pods-EnsembleWave.debug.xcconfig"; path = "Target Support Files/Pods-EnsembleWave/Pods-EnsembleWave.debug.xcconfig"; sourceTree = "<group>"; };
		4C818374A5D02083E8C79A73 /* Pods-EnsembleWave-EnsembleWaveUITests.debug.xcconfig */ = {isa = PBXFileReference; includeInIndex = 1; lastKnownFileType = text.xcconfig; name = "Pods-EnsembleWave-EnsembleWaveUITests.debug.xcconfig"; path = "Target Support Files/Pods-EnsembleWave-EnsembleWaveUITests/Pods-EnsembleWave-EnsembleWaveUITests.debug.xcconfig"; sourceTree = "<group>"; };
		4D955A00B2C7036CEEACF668 /* Pods_EnsembleWave_EnsembleWaveUITests.framework */ = {isa = PBXFileReference; explicitFileType = wrapper.framework; includeInIndex = 0; path = Pods_EnsembleWave_EnsembleWaveUITests.framework; sourceTree = BUILT_PRODUCTS_DIR; };
		5151ECB7FEFFE1A5221565F0 /* Pods_EnsembleWaveTests.framework */ = {isa = PBXFileReference; explicitFileType = wrapper.framework; includeInIndex = 0; path = Pods_EnsembleWaveTests.framework; sourceTree = BUILT_PRODUCTS_DIR; };
		7B04106B4663FD2EC59FFD3A /* Pods-EnsembleWaveTests.debug.xcconfig */ = {isa = PBXFileReference; includeInIndex = 1; lastKnownFileType = text.xcconfig; name = "Pods-EnsembleWaveTests.debug.xcconfig"; path = "Target Support Files/Pods-EnsembleWaveTests/Pods-EnsembleWaveTests.debug.xcconfig"; sourceTree = "<group>"; };
		9AFD58F0277B014F9130A7D9 /* Pods-EnsembleWave.release.xcconfig */ = {isa = PBXFileReference; includeInIndex = 1; lastKnownFileType = text.xcconfig; name = "Pods-EnsembleWave.release.xcconfig"; path = "Target Support Files/Pods-EnsembleWave/Pods-EnsembleWave.release.xcconfig"; sourceTree = "<group>"; };
		9F007E632BC5107C00C22E5E /* EnsembleWave.app */ = {isa = PBXFileReference; explicitFileType = wrapper.application; includeInIndex = 0; path = EnsembleWave.app; sourceTree = BUILT_PRODUCTS_DIR; };
		9F007E662BC5107C00C22E5E /* AppDelegate.swift */ = {isa = PBXFileReference; lastKnownFileType = sourcecode.swift; path = AppDelegate.swift; sourceTree = "<group>"; };
		9F007E682BC5107C00C22E5E /* SceneDelegate.swift */ = {isa = PBXFileReference; lastKnownFileType = sourcecode.swift; path = SceneDelegate.swift; sourceTree = "<group>"; };
		9F007E6D2BC5107C00C22E5E /* Base */ = {isa = PBXFileReference; lastKnownFileType = file.storyboard; name = Base; path = Base.lproj/Main.storyboard; sourceTree = "<group>"; };
		9F007E702BC5107C00C22E5E /* EnsembleWave.xcdatamodel */ = {isa = PBXFileReference; lastKnownFileType = wrapper.xcdatamodel; path = EnsembleWave.xcdatamodel; sourceTree = "<group>"; };
		9F007E722BC5107E00C22E5E /* Assets.xcassets */ = {isa = PBXFileReference; lastKnownFileType = folder.assetcatalog; path = Assets.xcassets; sourceTree = "<group>"; };
		9F007E752BC5107E00C22E5E /* Base */ = {isa = PBXFileReference; lastKnownFileType = file.storyboard; name = Base; path = Base.lproj/LaunchScreen.storyboard; sourceTree = "<group>"; };
		9F007E772BC5107E00C22E5E /* Info.plist */ = {isa = PBXFileReference; lastKnownFileType = text.plist.xml; path = Info.plist; sourceTree = "<group>"; };
		9F007E7C2BC5107E00C22E5E /* EnsembleWaveTests.xctest */ = {isa = PBXFileReference; explicitFileType = wrapper.cfbundle; includeInIndex = 0; path = EnsembleWaveTests.xctest; sourceTree = BUILT_PRODUCTS_DIR; };
		9F007E802BC5107E00C22E5E /* EnsembleWaveTests.swift */ = {isa = PBXFileReference; lastKnownFileType = sourcecode.swift; path = EnsembleWaveTests.swift; sourceTree = "<group>"; };
		9F007E862BC5107E00C22E5E /* EnsembleWaveUITests.xctest */ = {isa = PBXFileReference; explicitFileType = wrapper.cfbundle; includeInIndex = 0; path = EnsembleWaveUITests.xctest; sourceTree = BUILT_PRODUCTS_DIR; };
		9F007E8A2BC5107E00C22E5E /* EnsembleWaveUITests.swift */ = {isa = PBXFileReference; lastKnownFileType = sourcecode.swift; path = EnsembleWaveUITests.swift; sourceTree = "<group>"; };
		9F007E8C2BC5107E00C22E5E /* EnsembleWaveUITestsLaunchTests.swift */ = {isa = PBXFileReference; lastKnownFileType = sourcecode.swift; path = EnsembleWaveUITestsLaunchTests.swift; sourceTree = "<group>"; };
		9F007E992BC519D100C22E5E /* ChooseStyleViewController.swift */ = {isa = PBXFileReference; lastKnownFileType = sourcecode.swift; path = ChooseStyleViewController.swift; sourceTree = "<group>"; };
		9F007E9E2BC51AAD00C22E5E /* ChooseLengthTableViewController.swift */ = {isa = PBXFileReference; lastKnownFileType = sourcecode.swift; path = ChooseLengthTableViewController.swift; sourceTree = "<group>"; };
		9F007EA12BC51BFC00C22E5E /* RecordingStoryboard.storyboard */ = {isa = PBXFileReference; lastKnownFileType = file.storyboard; path = RecordingStoryboard.storyboard; sourceTree = "<group>"; };
		9F007EA32BC51F7500C22E5E /* CreateViewController.swift */ = {isa = PBXFileReference; lastKnownFileType = sourcecode.swift; path = CreateViewController.swift; sourceTree = "<group>"; };
		9F007EA62BC520DA00C22E5E /* Style.swift */ = {isa = PBXFileReference; lastKnownFileType = sourcecode.swift; path = Style.swift; sourceTree = "<group>"; };
		9F007EA82BC5978700C22E5E /* RecordingHomePageViewController.swift */ = {isa = PBXFileReference; lastKnownFileType = sourcecode.swift; path = RecordingHomePageViewController.swift; sourceTree = "<group>"; };
		9F26D0682BD74E6C00C69465 /* Animation00.json */ = {isa = PBXFileReference; fileEncoding = 4; lastKnownFileType = text.json; path = Animation00.json; sourceTree = "<group>"; };
		9F3FD9F72BD12C0000A03E22 /* LengthCell.swift */ = {isa = PBXFileReference; lastKnownFileType = sourcecode.swift; path = LengthCell.swift; sourceTree = "<group>"; };
		9F4462B52BD39FBB00462C44 /* AVCaptureVideoDataOutputSampleBufferDelegate.swift */ = {isa = PBXFileReference; lastKnownFileType = sourcecode.swift; path = AVCaptureVideoDataOutputSampleBufferDelegate.swift; sourceTree = "<group>"; };
		9F4462B72BD4434200462C44 /* ReplyViewController.swift */ = {isa = PBXFileReference; lastKnownFileType = sourcecode.swift; path = ReplyViewController.swift; sourceTree = "<group>"; };
		9F4462B92BD503BB00462C44 /* ReplyDetailTableViewCell.swift */ = {isa = PBXFileReference; lastKnownFileType = sourcecode.swift; path = ReplyDetailTableViewCell.swift; sourceTree = "<group>"; };
		9F4462BC2BD5261700462C44 /* UserManager.swift */ = {isa = PBXFileReference; lastKnownFileType = sourcecode.swift; path = UserManager.swift; sourceTree = "<group>"; };
		9F4463252BD65E4900462C44 /* MusicViewController.swift */ = {isa = PBXFileReference; lastKnownFileType = sourcecode.swift; path = MusicViewController.swift; sourceTree = "<group>"; };
		9F4463272BD6653B00462C44 /* MusicType.swift */ = {isa = PBXFileReference; lastKnownFileType = sourcecode.swift; path = MusicType.swift; sourceTree = "<group>"; };
		9F5A51B82BCE1D0A00070186 /* AVAsset+Extension.swift */ = {isa = PBXFileReference; lastKnownFileType = sourcecode.swift; path = "AVAsset+Extension.swift"; sourceTree = "<group>"; };
		9F5A51BA2BCEC68900070186 /* ExportError.swift */ = {isa = PBXFileReference; lastKnownFileType = sourcecode.swift; path = ExportError.swift; sourceTree = "<group>"; };
		9F5A51BC2BCF9A4700070186 /* Data.swift */ = {isa = PBXFileReference; lastKnownFileType = sourcecode.swift; path = Data.swift; sourceTree = "<group>"; };
		9F5A51BE2BCFC2C300070186 /* PostToWallViewController.swift */ = {isa = PBXFileReference; lastKnownFileType = sourcecode.swift; path = PostToWallViewController.swift; sourceTree = "<group>"; };
		9F5A51BF2BCFC2C300070186 /* PostToWallViewController.xib */ = {isa = PBXFileReference; lastKnownFileType = file.xib; path = PostToWallViewController.xib; sourceTree = "<group>"; };
		9F5A51C22BD004C100070186 /* WallViewController.swift */ = {isa = PBXFileReference; lastKnownFileType = sourcecode.swift; path = WallViewController.swift; sourceTree = "<group>"; };
		9F5A51C42BD018C900070186 /* VideoCell.swift */ = {isa = PBXFileReference; lastKnownFileType = sourcecode.swift; path = VideoCell.swift; sourceTree = "<group>"; };
		9F5A51C62BD01A8100070186 /* OptionsCell.swift */ = {isa = PBXFileReference; lastKnownFileType = sourcecode.swift; path = OptionsCell.swift; sourceTree = "<group>"; };
		9F5A51C82BD01AFD00070186 /* LikesCountCell.swift */ = {isa = PBXFileReference; lastKnownFileType = sourcecode.swift; path = LikesCountCell.swift; sourceTree = "<group>"; };
		9F5A51CA2BD01B3300070186 /* ContentCell.swift */ = {isa = PBXFileReference; lastKnownFileType = sourcecode.swift; path = ContentCell.swift; sourceTree = "<group>"; };
		9F5A51CC2BD01B7600070186 /* TagsCell.swift */ = {isa = PBXFileReference; lastKnownFileType = sourcecode.swift; path = TagsCell.swift; sourceTree = "<group>"; };
		9F5A51CE2BD01B9900070186 /* RepliesCell.swift */ = {isa = PBXFileReference; lastKnownFileType = sourcecode.swift; path = RepliesCell.swift; sourceTree = "<group>"; };
		9F6B5D5F2BC804FD00509F5F /* ShareViewController.swift */ = {isa = PBXFileReference; lastKnownFileType = sourcecode.swift; path = ShareViewController.swift; sourceTree = "<group>"; };
		9F6B5D632BCD383A00509F5F /* VideoView.swift */ = {isa = PBXFileReference; lastKnownFileType = sourcecode.swift; path = VideoView.swift; sourceTree = "<group>"; };
		9F6FDA8F2BD7C2E700315B13 /* ViewController+Extension.swift */ = {isa = PBXFileReference; lastKnownFileType = sourcecode.swift; path = "ViewController+Extension.swift"; sourceTree = "<group>"; };
		9F99AFB92BC7D131003671BF /* GoogleService-Info.plist */ = {isa = PBXFileReference; fileEncoding = 4; lastKnownFileType = text.plist.xml; name = "GoogleService-Info.plist"; path = "../../../../../../Downloads/GoogleService-Info.plist"; sourceTree = "<group>"; };
		AF8A4210E4C6EB1AE602BBB5 /* Pods_EnsembleWave.framework */ = {isa = PBXFileReference; explicitFileType = wrapper.framework; includeInIndex = 0; path = Pods_EnsembleWave.framework; sourceTree = BUILT_PRODUCTS_DIR; };
		C368520B942DA87E09E009B4 /* Pods-EnsembleWaveTests.release.xcconfig */ = {isa = PBXFileReference; includeInIndex = 1; lastKnownFileType = text.xcconfig; name = "Pods-EnsembleWaveTests.release.xcconfig"; path = "Target Support Files/Pods-EnsembleWaveTests/Pods-EnsembleWaveTests.release.xcconfig"; sourceTree = "<group>"; };
/* End PBXFileReference section */

/* Begin PBXFrameworksBuildPhase section */
		9F007E602BC5107C00C22E5E /* Frameworks */ = {
			isa = PBXFrameworksBuildPhase;
			buildActionMask = 2147483647;
			files = (
				9F26D0662BD746E800C69465 /* Lottie in Frameworks */,
				B8472009B49679B5671FB722 /* Pods_EnsembleWave.framework in Frameworks */,
				9F99AFB62BC79857003671BF /* FirebaseStorage in Frameworks */,
				9F99AFB22BC79857003671BF /* FirebaseAuth in Frameworks */,
				9F99AFB42BC79857003671BF /* FirebaseFirestoreSwift in Frameworks */,
			);
			runOnlyForDeploymentPostprocessing = 0;
		};
		9F007E792BC5107E00C22E5E /* Frameworks */ = {
			isa = PBXFrameworksBuildPhase;
			buildActionMask = 2147483647;
			files = (
				48E0B7F14B5CBCE140A8510B /* Pods_EnsembleWaveTests.framework in Frameworks */,
			);
			runOnlyForDeploymentPostprocessing = 0;
		};
		9F007E832BC5107E00C22E5E /* Frameworks */ = {
			isa = PBXFrameworksBuildPhase;
			buildActionMask = 2147483647;
			files = (
				E05B02D0B93EF9664C522C10 /* Pods_EnsembleWave_EnsembleWaveUITests.framework in Frameworks */,
			);
			runOnlyForDeploymentPostprocessing = 0;
		};
/* End PBXFrameworksBuildPhase section */

/* Begin PBXGroup section */
		07EEF3A6AAD2C4B849B882B5 /* Frameworks */ = {
			isa = PBXGroup;
			children = (
				AF8A4210E4C6EB1AE602BBB5 /* Pods_EnsembleWave.framework */,
				4D955A00B2C7036CEEACF668 /* Pods_EnsembleWave_EnsembleWaveUITests.framework */,
				5151ECB7FEFFE1A5221565F0 /* Pods_EnsembleWaveTests.framework */,
			);
			name = Frameworks;
			sourceTree = "<group>";
		};
		9F007E5A2BC5107C00C22E5E = {
			isa = PBXGroup;
			children = (
				9F007E652BC5107C00C22E5E /* EnsembleWave */,
				9F007E7F2BC5107E00C22E5E /* EnsembleWaveTests */,
				9F007E892BC5107E00C22E5E /* EnsembleWaveUITests */,
				9F007E642BC5107C00C22E5E /* Products */,
				B0EBC735E7BBF093FF054D28 /* Pods */,
				07EEF3A6AAD2C4B849B882B5 /* Frameworks */,
			);
			sourceTree = "<group>";
		};
		9F007E642BC5107C00C22E5E /* Products */ = {
			isa = PBXGroup;
			children = (
				9F007E632BC5107C00C22E5E /* EnsembleWave.app */,
				9F007E7C2BC5107E00C22E5E /* EnsembleWaveTests.xctest */,
				9F007E862BC5107E00C22E5E /* EnsembleWaveUITests.xctest */,
			);
			name = Products;
			sourceTree = "<group>";
		};
		9F007E652BC5107C00C22E5E /* EnsembleWave */ = {
			isa = PBXGroup;
			children = (
				9F007E662BC5107C00C22E5E /* AppDelegate.swift */,
				9F007E682BC5107C00C22E5E /* SceneDelegate.swift */,
				9F4462BB2BD5260400462C44 /* Manager */,
				9F007EA52BC5205400C22E5E /* Model */,
				9F007E9B2BC51A6200C22E5E /* Controller */,
				9F007EA02BC51BB500C22E5E /* View */,
				9F6B5D662BCE1B0400509F5F /* Extensions */,
				9F007E722BC5107E00C22E5E /* Assets.xcassets */,
				9F007E742BC5107E00C22E5E /* LaunchScreen.storyboard */,
				9F26D0682BD74E6C00C69465 /* Animation00.json */,
				9F007E772BC5107E00C22E5E /* Info.plist */,
				9F99AFB92BC7D131003671BF /* GoogleService-Info.plist */,
				9F007E6F2BC5107C00C22E5E /* EnsembleWave.xcdatamodeld */,
			);
			path = EnsembleWave;
			sourceTree = "<group>";
		};
		9F007E7F2BC5107E00C22E5E /* EnsembleWaveTests */ = {
			isa = PBXGroup;
			children = (
				9F007E802BC5107E00C22E5E /* EnsembleWaveTests.swift */,
			);
			path = EnsembleWaveTests;
			sourceTree = "<group>";
		};
		9F007E892BC5107E00C22E5E /* EnsembleWaveUITests */ = {
			isa = PBXGroup;
			children = (
				9F007E8A2BC5107E00C22E5E /* EnsembleWaveUITests.swift */,
				9F007E8C2BC5107E00C22E5E /* EnsembleWaveUITestsLaunchTests.swift */,
			);
			path = EnsembleWaveUITests;
			sourceTree = "<group>";
		};
		9F007E9B2BC51A6200C22E5E /* Controller */ = {
			isa = PBXGroup;
			children = (
				9F007EA82BC5978700C22E5E /* RecordingHomePageViewController.swift */,
				9F007E992BC519D100C22E5E /* ChooseStyleViewController.swift */,
				9F007E9E2BC51AAD00C22E5E /* ChooseLengthTableViewController.swift */,
				9F007EA32BC51F7500C22E5E /* CreateViewController.swift */,
				9F6B5D5F2BC804FD00509F5F /* ShareViewController.swift */,
				9F5A51BE2BCFC2C300070186 /* PostToWallViewController.swift */,
				9F5A51C22BD004C100070186 /* WallViewController.swift */,
				9F4462B72BD4434200462C44 /* ReplyViewController.swift */,
				9F5A51C42BD018C900070186 /* VideoCell.swift */,
				9F5A51C62BD01A8100070186 /* OptionsCell.swift */,
				9F5A51C82BD01AFD00070186 /* LikesCountCell.swift */,
				9F5A51CA2BD01B3300070186 /* ContentCell.swift */,
				9F5A51CC2BD01B7600070186 /* TagsCell.swift */,
				9F5A51CE2BD01B9900070186 /* RepliesCell.swift */,
				9F3FD9F72BD12C0000A03E22 /* LengthCell.swift */,
				9F4462B52BD39FBB00462C44 /* AVCaptureVideoDataOutputSampleBufferDelegate.swift */,
				9F4462B92BD503BB00462C44 /* ReplyDetailTableViewCell.swift */,
				9F4463252BD65E4900462C44 /* MusicViewController.swift */,
			);
			path = Controller;
			sourceTree = "<group>";
		};
		9F007EA02BC51BB500C22E5E /* View */ = {
			isa = PBXGroup;
			children = (
				9F007E6C2BC5107C00C22E5E /* Main.storyboard */,
				9F007EA12BC51BFC00C22E5E /* RecordingStoryboard.storyboard */,
				9F5A51BF2BCFC2C300070186 /* PostToWallViewController.xib */,
				9F6B5D632BCD383A00509F5F /* VideoView.swift */,
			);
			path = View;
			sourceTree = "<group>";
		};
		9F007EA52BC5205400C22E5E /* Model */ = {
			isa = PBXGroup;
			children = (
				9F007EA62BC520DA00C22E5E /* Style.swift */,
				9F5A51BA2BCEC68900070186 /* ExportError.swift */,
				9F5A51BC2BCF9A4700070186 /* Data.swift */,
				9F4463272BD6653B00462C44 /* MusicType.swift */,
			);
			path = Model;
			sourceTree = "<group>";
		};
		9F4462BB2BD5260400462C44 /* Manager */ = {
			isa = PBXGroup;
			children = (
				9F4462BC2BD5261700462C44 /* UserManager.swift */,
			);
			path = Manager;
			sourceTree = "<group>";
		};
		9F6B5D662BCE1B0400509F5F /* Extensions */ = {
			isa = PBXGroup;
			children = (
				9F5A51B82BCE1D0A00070186 /* AVAsset+Extension.swift */,
				9F6FDA8F2BD7C2E700315B13 /* ViewController+Extension.swift */,
			);
			name = Extensions;
			path = View;
			sourceTree = "<group>";
		};
		B0EBC735E7BBF093FF054D28 /* Pods */ = {
			isa = PBXGroup;
			children = (
				30790F7871CC76FA7424CD1C /* Pods-EnsembleWave.debug.xcconfig */,
				9AFD58F0277B014F9130A7D9 /* Pods-EnsembleWave.release.xcconfig */,
				4C818374A5D02083E8C79A73 /* Pods-EnsembleWave-EnsembleWaveUITests.debug.xcconfig */,
				063D12577E3963929A1EE67B /* Pods-EnsembleWave-EnsembleWaveUITests.release.xcconfig */,
				7B04106B4663FD2EC59FFD3A /* Pods-EnsembleWaveTests.debug.xcconfig */,
				C368520B942DA87E09E009B4 /* Pods-EnsembleWaveTests.release.xcconfig */,
			);
			path = Pods;
			sourceTree = "<group>";
		};
/* End PBXGroup section */

/* Begin PBXNativeTarget section */
		9F007E622BC5107C00C22E5E /* EnsembleWave */ = {
			isa = PBXNativeTarget;
			buildConfigurationList = 9F007E902BC5107E00C22E5E /* Build configuration list for PBXNativeTarget "EnsembleWave" */;
			buildPhases = (
				7F484ECF492E23F1106517DF /* [CP] Check Pods Manifest.lock */,
				9F007E5F2BC5107C00C22E5E /* Sources */,
				9F007E602BC5107C00C22E5E /* Frameworks */,
				9F007E612BC5107C00C22E5E /* Resources */,
				9F99AFAD2BC777AB003671BF /* ShellScript */,
				7FDF7F4140437A279669848E /* [CP] Embed Pods Frameworks */,
			);
			buildRules = (
			);
			dependencies = (
			);
			name = EnsembleWave;
			packageProductDependencies = (
				9F99AFB12BC79857003671BF /* FirebaseAuth */,
				9F99AFB32BC79857003671BF /* FirebaseFirestoreSwift */,
				9F99AFB52BC79857003671BF /* FirebaseStorage */,
				9F26D0652BD746E800C69465 /* Lottie */,
			);
			productName = EnsembleWave;
			productReference = 9F007E632BC5107C00C22E5E /* EnsembleWave.app */;
			productType = "com.apple.product-type.application";
		};
		9F007E7B2BC5107E00C22E5E /* EnsembleWaveTests */ = {
			isa = PBXNativeTarget;
			buildConfigurationList = 9F007E932BC5107E00C22E5E /* Build configuration list for PBXNativeTarget "EnsembleWaveTests" */;
			buildPhases = (
				DAB793F67E55C56859083547 /* [CP] Check Pods Manifest.lock */,
				9F007E782BC5107E00C22E5E /* Sources */,
				9F007E792BC5107E00C22E5E /* Frameworks */,
				9F007E7A2BC5107E00C22E5E /* Resources */,
			);
			buildRules = (
			);
			dependencies = (
				9F007E7E2BC5107E00C22E5E /* PBXTargetDependency */,
			);
			name = EnsembleWaveTests;
			productName = EnsembleWaveTests;
			productReference = 9F007E7C2BC5107E00C22E5E /* EnsembleWaveTests.xctest */;
			productType = "com.apple.product-type.bundle.unit-test";
		};
		9F007E852BC5107E00C22E5E /* EnsembleWaveUITests */ = {
			isa = PBXNativeTarget;
			buildConfigurationList = 9F007E962BC5107E00C22E5E /* Build configuration list for PBXNativeTarget "EnsembleWaveUITests" */;
			buildPhases = (
				DD91731E5078D389426F35E2 /* [CP] Check Pods Manifest.lock */,
				9F007E822BC5107E00C22E5E /* Sources */,
				9F007E832BC5107E00C22E5E /* Frameworks */,
				9F007E842BC5107E00C22E5E /* Resources */,
				C40C640CEC959D1B132B0B8C /* [CP] Embed Pods Frameworks */,
			);
			buildRules = (
			);
			dependencies = (
				9F007E882BC5107E00C22E5E /* PBXTargetDependency */,
			);
			name = EnsembleWaveUITests;
			productName = EnsembleWaveUITests;
			productReference = 9F007E862BC5107E00C22E5E /* EnsembleWaveUITests.xctest */;
			productType = "com.apple.product-type.bundle.ui-testing";
		};
/* End PBXNativeTarget section */

/* Begin PBXProject section */
		9F007E5B2BC5107C00C22E5E /* Project object */ = {
			isa = PBXProject;
			attributes = {
				BuildIndependentTargetsInParallel = 1;
				LastSwiftUpdateCheck = 1530;
				LastUpgradeCheck = 1530;
				TargetAttributes = {
					9F007E622BC5107C00C22E5E = {
						CreatedOnToolsVersion = 15.3;
					};
					9F007E7B2BC5107E00C22E5E = {
						CreatedOnToolsVersion = 15.3;
						TestTargetID = 9F007E622BC5107C00C22E5E;
					};
					9F007E852BC5107E00C22E5E = {
						CreatedOnToolsVersion = 15.3;
						TestTargetID = 9F007E622BC5107C00C22E5E;
					};
				};
			};
			buildConfigurationList = 9F007E5E2BC5107C00C22E5E /* Build configuration list for PBXProject "EnsembleWave" */;
			compatibilityVersion = "Xcode 14.0";
			developmentRegion = en;
			hasScannedForEncodings = 0;
			knownRegions = (
				en,
				Base,
			);
			mainGroup = 9F007E5A2BC5107C00C22E5E;
			packageReferences = (
				9F99AFB02BC79857003671BF /* XCRemoteSwiftPackageReference "firebase-ios-sdk" */,
				9F26D0642BD746E800C69465 /* XCRemoteSwiftPackageReference "lottie-spm" */,
			);
			productRefGroup = 9F007E642BC5107C00C22E5E /* Products */;
			projectDirPath = "";
			projectRoot = "";
			targets = (
				9F007E622BC5107C00C22E5E /* EnsembleWave */,
				9F007E7B2BC5107E00C22E5E /* EnsembleWaveTests */,
				9F007E852BC5107E00C22E5E /* EnsembleWaveUITests */,
			);
		};
/* End PBXProject section */

/* Begin PBXResourcesBuildPhase section */
		9F007E612BC5107C00C22E5E /* Resources */ = {
			isa = PBXResourcesBuildPhase;
			buildActionMask = 2147483647;
			files = (
				9F26D0692BD74E6C00C69465 /* Animation00.json in Resources */,
				9F007E732BC5107E00C22E5E /* Assets.xcassets in Resources */,
				9F007E762BC5107E00C22E5E /* Base in Resources */,
				9F99AFB82BC7B160003671BF /* (null) in Resources */,
				9F5A51C02BCFC2C300070186 /* PostToWallViewController.xib in Resources */,
				9F007E6E2BC5107C00C22E5E /* Base in Resources */,
				9F007EA22BC51BFC00C22E5E /* RecordingStoryboard.storyboard in Resources */,
				9F99AFBA2BC7D131003671BF /* GoogleService-Info.plist in Resources */,
			);
			runOnlyForDeploymentPostprocessing = 0;
		};
		9F007E7A2BC5107E00C22E5E /* Resources */ = {
			isa = PBXResourcesBuildPhase;
			buildActionMask = 2147483647;
			files = (
			);
			runOnlyForDeploymentPostprocessing = 0;
		};
		9F007E842BC5107E00C22E5E /* Resources */ = {
			isa = PBXResourcesBuildPhase;
			buildActionMask = 2147483647;
			files = (
			);
			runOnlyForDeploymentPostprocessing = 0;
		};
/* End PBXResourcesBuildPhase section */

/* Begin PBXShellScriptBuildPhase section */
		7F484ECF492E23F1106517DF /* [CP] Check Pods Manifest.lock */ = {
			isa = PBXShellScriptBuildPhase;
			buildActionMask = 2147483647;
			files = (
			);
			inputFileListPaths = (
			);
			inputPaths = (
				"${PODS_PODFILE_DIR_PATH}/Podfile.lock",
				"${PODS_ROOT}/Manifest.lock",
			);
			name = "[CP] Check Pods Manifest.lock";
			outputFileListPaths = (
			);
			outputPaths = (
				"$(DERIVED_FILE_DIR)/Pods-EnsembleWave-checkManifestLockResult.txt",
			);
			runOnlyForDeploymentPostprocessing = 0;
			shellPath = /bin/sh;
			shellScript = "diff \"${PODS_PODFILE_DIR_PATH}/Podfile.lock\" \"${PODS_ROOT}/Manifest.lock\" > /dev/null\nif [ $? != 0 ] ; then\n    # print error to STDERR\n    echo \"error: The sandbox is not in sync with the Podfile.lock. Run 'pod install' or update your CocoaPods installation.\" >&2\n    exit 1\nfi\n# This output is used by Xcode 'outputs' to avoid re-running this script phase.\necho \"SUCCESS\" > \"${SCRIPT_OUTPUT_FILE_0}\"\n";
			showEnvVarsInLog = 0;
		};
		7FDF7F4140437A279669848E /* [CP] Embed Pods Frameworks */ = {
			isa = PBXShellScriptBuildPhase;
			buildActionMask = 2147483647;
			files = (
			);
			inputFileListPaths = (
				"${PODS_ROOT}/Target Support Files/Pods-EnsembleWave/Pods-EnsembleWave-frameworks-${CONFIGURATION}-input-files.xcfilelist",
			);
			name = "[CP] Embed Pods Frameworks";
			outputFileListPaths = (
				"${PODS_ROOT}/Target Support Files/Pods-EnsembleWave/Pods-EnsembleWave-frameworks-${CONFIGURATION}-output-files.xcfilelist",
			);
			runOnlyForDeploymentPostprocessing = 0;
			shellPath = /bin/sh;
			shellScript = "\"${PODS_ROOT}/Target Support Files/Pods-EnsembleWave/Pods-EnsembleWave-frameworks.sh\"\n";
			showEnvVarsInLog = 0;
		};
		9F99AFAD2BC777AB003671BF /* ShellScript */ = {
			isa = PBXShellScriptBuildPhase;
			buildActionMask = 2147483647;
			files = (
			);
			inputFileListPaths = (
			);
			inputPaths = (
			);
			outputFileListPaths = (
			);
			outputPaths = (
			);
			runOnlyForDeploymentPostprocessing = 0;
			shellScript = "\"${PODS_ROOT}/SwiftLint/swiftlint\"\n\n";
		};
		C40C640CEC959D1B132B0B8C /* [CP] Embed Pods Frameworks */ = {
			isa = PBXShellScriptBuildPhase;
			buildActionMask = 2147483647;
			files = (
			);
			inputFileListPaths = (
				"${PODS_ROOT}/Target Support Files/Pods-EnsembleWave-EnsembleWaveUITests/Pods-EnsembleWave-EnsembleWaveUITests-frameworks-${CONFIGURATION}-input-files.xcfilelist",
			);
			name = "[CP] Embed Pods Frameworks";
			outputFileListPaths = (
				"${PODS_ROOT}/Target Support Files/Pods-EnsembleWave-EnsembleWaveUITests/Pods-EnsembleWave-EnsembleWaveUITests-frameworks-${CONFIGURATION}-output-files.xcfilelist",
			);
			runOnlyForDeploymentPostprocessing = 0;
			shellPath = /bin/sh;
			shellScript = "\"${PODS_ROOT}/Target Support Files/Pods-EnsembleWave-EnsembleWaveUITests/Pods-EnsembleWave-EnsembleWaveUITests-frameworks.sh\"\n";
			showEnvVarsInLog = 0;
		};
		DAB793F67E55C56859083547 /* [CP] Check Pods Manifest.lock */ = {
			isa = PBXShellScriptBuildPhase;
			buildActionMask = 2147483647;
			files = (
			);
			inputFileListPaths = (
			);
			inputPaths = (
				"${PODS_PODFILE_DIR_PATH}/Podfile.lock",
				"${PODS_ROOT}/Manifest.lock",
			);
			name = "[CP] Check Pods Manifest.lock";
			outputFileListPaths = (
			);
			outputPaths = (
				"$(DERIVED_FILE_DIR)/Pods-EnsembleWaveTests-checkManifestLockResult.txt",
			);
			runOnlyForDeploymentPostprocessing = 0;
			shellPath = /bin/sh;
			shellScript = "diff \"${PODS_PODFILE_DIR_PATH}/Podfile.lock\" \"${PODS_ROOT}/Manifest.lock\" > /dev/null\nif [ $? != 0 ] ; then\n    # print error to STDERR\n    echo \"error: The sandbox is not in sync with the Podfile.lock. Run 'pod install' or update your CocoaPods installation.\" >&2\n    exit 1\nfi\n# This output is used by Xcode 'outputs' to avoid re-running this script phase.\necho \"SUCCESS\" > \"${SCRIPT_OUTPUT_FILE_0}\"\n";
			showEnvVarsInLog = 0;
		};
		DD91731E5078D389426F35E2 /* [CP] Check Pods Manifest.lock */ = {
			isa = PBXShellScriptBuildPhase;
			buildActionMask = 2147483647;
			files = (
			);
			inputFileListPaths = (
			);
			inputPaths = (
				"${PODS_PODFILE_DIR_PATH}/Podfile.lock",
				"${PODS_ROOT}/Manifest.lock",
			);
			name = "[CP] Check Pods Manifest.lock";
			outputFileListPaths = (
			);
			outputPaths = (
				"$(DERIVED_FILE_DIR)/Pods-EnsembleWave-EnsembleWaveUITests-checkManifestLockResult.txt",
			);
			runOnlyForDeploymentPostprocessing = 0;
			shellPath = /bin/sh;
			shellScript = "diff \"${PODS_PODFILE_DIR_PATH}/Podfile.lock\" \"${PODS_ROOT}/Manifest.lock\" > /dev/null\nif [ $? != 0 ] ; then\n    # print error to STDERR\n    echo \"error: The sandbox is not in sync with the Podfile.lock. Run 'pod install' or update your CocoaPods installation.\" >&2\n    exit 1\nfi\n# This output is used by Xcode 'outputs' to avoid re-running this script phase.\necho \"SUCCESS\" > \"${SCRIPT_OUTPUT_FILE_0}\"\n";
			showEnvVarsInLog = 0;
		};
/* End PBXShellScriptBuildPhase section */

/* Begin PBXSourcesBuildPhase section */
		9F007E5F2BC5107C00C22E5E /* Sources */ = {
			isa = PBXSourcesBuildPhase;
			buildActionMask = 2147483647;
			files = (
				9F007E9A2BC519D100C22E5E /* ChooseStyleViewController.swift in Sources */,
				9F4463282BD6653B00462C44 /* MusicType.swift in Sources */,
				9F5A51C52BD018C900070186 /* VideoCell.swift in Sources */,
				9F007E672BC5107C00C22E5E /* AppDelegate.swift in Sources */,
				9F007EA92BC5978700C22E5E /* RecordingHomePageViewController.swift in Sources */,
				9F5A51C92BD01AFD00070186 /* LikesCountCell.swift in Sources */,
				9F007EA42BC51F7600C22E5E /* CreateViewController.swift in Sources */,
				9F4463262BD65E4900462C44 /* MusicViewController.swift in Sources */,
				9F4462B62BD39FBB00462C44 /* AVCaptureVideoDataOutputSampleBufferDelegate.swift in Sources */,
				9F4462B82BD4434200462C44 /* ReplyViewController.swift in Sources */,
				9F6FDA902BD7C2E700315B13 /* ViewController+Extension.swift in Sources */,
				9F5A51C72BD01A8100070186 /* OptionsCell.swift in Sources */,
				9F007E692BC5107C00C22E5E /* SceneDelegate.swift in Sources */,
				9F007E9F2BC51AAD00C22E5E /* ChooseLengthTableViewController.swift in Sources */,
				9F5A51CB2BD01B3300070186 /* ContentCell.swift in Sources */,
				9F5A51C32BD004C100070186 /* WallViewController.swift in Sources */,
				9F3FD9F82BD12C0000A03E22 /* LengthCell.swift in Sources */,
				9F5A51B92BCE1D0A00070186 /* AVAsset+Extension.swift in Sources */,
				9F5A51CD2BD01B7600070186 /* TagsCell.swift in Sources */,
				9F4462BD2BD5261700462C44 /* UserManager.swift in Sources */,
				9F5A51C12BCFC2C300070186 /* PostToWallViewController.swift in Sources */,
				9F6B5D642BCD383A00509F5F /* VideoView.swift in Sources */,
				9F5A51BD2BCF9A4700070186 /* Data.swift in Sources */,
				9F5A51BB2BCEC68900070186 /* ExportError.swift in Sources */,
				9F6B5D602BC804FD00509F5F /* ShareViewController.swift in Sources */,
				9F5A51CF2BD01B9900070186 /* RepliesCell.swift in Sources */,
				9F4462BA2BD503BB00462C44 /* ReplyDetailTableViewCell.swift in Sources */,
				9F007EA72BC520DA00C22E5E /* Style.swift in Sources */,
				9F007E712BC5107C00C22E5E /* EnsembleWave.xcdatamodeld in Sources */,
			);
			runOnlyForDeploymentPostprocessing = 0;
		};
		9F007E782BC5107E00C22E5E /* Sources */ = {
			isa = PBXSourcesBuildPhase;
			buildActionMask = 2147483647;
			files = (
				9F007E812BC5107E00C22E5E /* EnsembleWaveTests.swift in Sources */,
			);
			runOnlyForDeploymentPostprocessing = 0;
		};
		9F007E822BC5107E00C22E5E /* Sources */ = {
			isa = PBXSourcesBuildPhase;
			buildActionMask = 2147483647;
			files = (
				9F007E8D2BC5107E00C22E5E /* EnsembleWaveUITestsLaunchTests.swift in Sources */,
				9F007E8B2BC5107E00C22E5E /* EnsembleWaveUITests.swift in Sources */,
			);
			runOnlyForDeploymentPostprocessing = 0;
		};
/* End PBXSourcesBuildPhase section */

/* Begin PBXTargetDependency section */
		9F007E7E2BC5107E00C22E5E /* PBXTargetDependency */ = {
			isa = PBXTargetDependency;
			target = 9F007E622BC5107C00C22E5E /* EnsembleWave */;
			targetProxy = 9F007E7D2BC5107E00C22E5E /* PBXContainerItemProxy */;
		};
		9F007E882BC5107E00C22E5E /* PBXTargetDependency */ = {
			isa = PBXTargetDependency;
			target = 9F007E622BC5107C00C22E5E /* EnsembleWave */;
			targetProxy = 9F007E872BC5107E00C22E5E /* PBXContainerItemProxy */;
		};
/* End PBXTargetDependency section */

/* Begin PBXVariantGroup section */
		9F007E6C2BC5107C00C22E5E /* Main.storyboard */ = {
			isa = PBXVariantGroup;
			children = (
				9F007E6D2BC5107C00C22E5E /* Base */,
			);
			name = Main.storyboard;
			sourceTree = "<group>";
		};
		9F007E742BC5107E00C22E5E /* LaunchScreen.storyboard */ = {
			isa = PBXVariantGroup;
			children = (
				9F007E752BC5107E00C22E5E /* Base */,
			);
			name = LaunchScreen.storyboard;
			sourceTree = "<group>";
		};
/* End PBXVariantGroup section */

/* Begin XCBuildConfiguration section */
		9F007E8E2BC5107E00C22E5E /* Debug */ = {
			isa = XCBuildConfiguration;
			buildSettings = {
				ALWAYS_SEARCH_USER_PATHS = NO;
				ASSETCATALOG_COMPILER_GENERATE_SWIFT_ASSET_SYMBOL_EXTENSIONS = YES;
				CLANG_ANALYZER_NONNULL = YES;
				CLANG_ANALYZER_NUMBER_OBJECT_CONVERSION = YES_AGGRESSIVE;
				CLANG_CXX_LANGUAGE_STANDARD = "gnu++20";
				CLANG_ENABLE_MODULES = YES;
				CLANG_ENABLE_OBJC_ARC = YES;
				CLANG_ENABLE_OBJC_WEAK = YES;
				CLANG_WARN_BLOCK_CAPTURE_AUTORELEASING = YES;
				CLANG_WARN_BOOL_CONVERSION = YES;
				CLANG_WARN_COMMA = YES;
				CLANG_WARN_CONSTANT_CONVERSION = YES;
				CLANG_WARN_DEPRECATED_OBJC_IMPLEMENTATIONS = YES;
				CLANG_WARN_DIRECT_OBJC_ISA_USAGE = YES_ERROR;
				CLANG_WARN_DOCUMENTATION_COMMENTS = YES;
				CLANG_WARN_EMPTY_BODY = YES;
				CLANG_WARN_ENUM_CONVERSION = YES;
				CLANG_WARN_INFINITE_RECURSION = YES;
				CLANG_WARN_INT_CONVERSION = YES;
				CLANG_WARN_NON_LITERAL_NULL_CONVERSION = YES;
				CLANG_WARN_OBJC_IMPLICIT_RETAIN_SELF = YES;
				CLANG_WARN_OBJC_LITERAL_CONVERSION = YES;
				CLANG_WARN_OBJC_ROOT_CLASS = YES_ERROR;
				CLANG_WARN_QUOTED_INCLUDE_IN_FRAMEWORK_HEADER = YES;
				CLANG_WARN_RANGE_LOOP_ANALYSIS = YES;
				CLANG_WARN_STRICT_PROTOTYPES = YES;
				CLANG_WARN_SUSPICIOUS_MOVE = YES;
				CLANG_WARN_UNGUARDED_AVAILABILITY = YES_AGGRESSIVE;
				CLANG_WARN_UNREACHABLE_CODE = YES;
				CLANG_WARN__DUPLICATE_METHOD_MATCH = YES;
				COPY_PHASE_STRIP = NO;
				DEBUG_INFORMATION_FORMAT = dwarf;
				ENABLE_STRICT_OBJC_MSGSEND = YES;
				ENABLE_TESTABILITY = YES;
				ENABLE_USER_SCRIPT_SANDBOXING = YES;
				GCC_C_LANGUAGE_STANDARD = gnu17;
				GCC_DYNAMIC_NO_PIC = NO;
				GCC_NO_COMMON_BLOCKS = YES;
				GCC_OPTIMIZATION_LEVEL = 0;
				GCC_PREPROCESSOR_DEFINITIONS = (
					"DEBUG=1",
					"$(inherited)",
				);
				GCC_WARN_64_TO_32_BIT_CONVERSION = YES;
				GCC_WARN_ABOUT_RETURN_TYPE = YES_ERROR;
				GCC_WARN_UNDECLARED_SELECTOR = YES;
				GCC_WARN_UNINITIALIZED_AUTOS = YES_AGGRESSIVE;
				GCC_WARN_UNUSED_FUNCTION = YES;
				GCC_WARN_UNUSED_VARIABLE = YES;
				IPHONEOS_DEPLOYMENT_TARGET = 17.4;
				LOCALIZATION_PREFERS_STRING_CATALOGS = YES;
				MTL_ENABLE_DEBUG_INFO = INCLUDE_SOURCE;
				MTL_FAST_MATH = YES;
				ONLY_ACTIVE_ARCH = YES;
				SDKROOT = iphoneos;
				SWIFT_ACTIVE_COMPILATION_CONDITIONS = "DEBUG $(inherited)";
				SWIFT_OPTIMIZATION_LEVEL = "-Onone";
			};
			name = Debug;
		};
		9F007E8F2BC5107E00C22E5E /* Release */ = {
			isa = XCBuildConfiguration;
			buildSettings = {
				ALWAYS_SEARCH_USER_PATHS = NO;
				ASSETCATALOG_COMPILER_GENERATE_SWIFT_ASSET_SYMBOL_EXTENSIONS = YES;
				CLANG_ANALYZER_NONNULL = YES;
				CLANG_ANALYZER_NUMBER_OBJECT_CONVERSION = YES_AGGRESSIVE;
				CLANG_CXX_LANGUAGE_STANDARD = "gnu++20";
				CLANG_ENABLE_MODULES = YES;
				CLANG_ENABLE_OBJC_ARC = YES;
				CLANG_ENABLE_OBJC_WEAK = YES;
				CLANG_WARN_BLOCK_CAPTURE_AUTORELEASING = YES;
				CLANG_WARN_BOOL_CONVERSION = YES;
				CLANG_WARN_COMMA = YES;
				CLANG_WARN_CONSTANT_CONVERSION = YES;
				CLANG_WARN_DEPRECATED_OBJC_IMPLEMENTATIONS = YES;
				CLANG_WARN_DIRECT_OBJC_ISA_USAGE = YES_ERROR;
				CLANG_WARN_DOCUMENTATION_COMMENTS = YES;
				CLANG_WARN_EMPTY_BODY = YES;
				CLANG_WARN_ENUM_CONVERSION = YES;
				CLANG_WARN_INFINITE_RECURSION = YES;
				CLANG_WARN_INT_CONVERSION = YES;
				CLANG_WARN_NON_LITERAL_NULL_CONVERSION = YES;
				CLANG_WARN_OBJC_IMPLICIT_RETAIN_SELF = YES;
				CLANG_WARN_OBJC_LITERAL_CONVERSION = YES;
				CLANG_WARN_OBJC_ROOT_CLASS = YES_ERROR;
				CLANG_WARN_QUOTED_INCLUDE_IN_FRAMEWORK_HEADER = YES;
				CLANG_WARN_RANGE_LOOP_ANALYSIS = YES;
				CLANG_WARN_STRICT_PROTOTYPES = YES;
				CLANG_WARN_SUSPICIOUS_MOVE = YES;
				CLANG_WARN_UNGUARDED_AVAILABILITY = YES_AGGRESSIVE;
				CLANG_WARN_UNREACHABLE_CODE = YES;
				CLANG_WARN__DUPLICATE_METHOD_MATCH = YES;
				COPY_PHASE_STRIP = NO;
				DEBUG_INFORMATION_FORMAT = "dwarf-with-dsym";
				ENABLE_NS_ASSERTIONS = NO;
				ENABLE_STRICT_OBJC_MSGSEND = YES;
				ENABLE_USER_SCRIPT_SANDBOXING = YES;
				GCC_C_LANGUAGE_STANDARD = gnu17;
				GCC_NO_COMMON_BLOCKS = YES;
				GCC_WARN_64_TO_32_BIT_CONVERSION = YES;
				GCC_WARN_ABOUT_RETURN_TYPE = YES_ERROR;
				GCC_WARN_UNDECLARED_SELECTOR = YES;
				GCC_WARN_UNINITIALIZED_AUTOS = YES_AGGRESSIVE;
				GCC_WARN_UNUSED_FUNCTION = YES;
				GCC_WARN_UNUSED_VARIABLE = YES;
				IPHONEOS_DEPLOYMENT_TARGET = 17.4;
				LOCALIZATION_PREFERS_STRING_CATALOGS = YES;
				MTL_ENABLE_DEBUG_INFO = NO;
				MTL_FAST_MATH = YES;
				SDKROOT = iphoneos;
				SWIFT_COMPILATION_MODE = wholemodule;
				VALIDATE_PRODUCT = YES;
			};
			name = Release;
		};
		9F007E912BC5107E00C22E5E /* Debug */ = {
			isa = XCBuildConfiguration;
			baseConfigurationReference = 30790F7871CC76FA7424CD1C /* Pods-EnsembleWave.debug.xcconfig */;
			buildSettings = {
				ASSETCATALOG_COMPILER_APPICON_NAME = AppIcon;
				ASSETCATALOG_COMPILER_GLOBAL_ACCENT_COLOR_NAME = AccentColor;
				CODE_SIGN_STYLE = Automatic;
				CURRENT_PROJECT_VERSION = 1;
				DEVELOPMENT_TEAM = T4VR973TMF;
				ENABLE_USER_SCRIPT_SANDBOXING = NO;
				GENERATE_INFOPLIST_FILE = YES;
				INFOPLIST_FILE = EnsembleWave/Info.plist;
				INFOPLIST_KEY_NSAppleMusicUsageDescription = "請授權存取音樂資料庫";
				INFOPLIST_KEY_NSCameraUsageDescription = "請授權使用相機以開始創作";
				INFOPLIST_KEY_NSMicrophoneUsageDescription = "請授權使用麥克風以收音";
				INFOPLIST_KEY_NSPhotoLibraryAddUsageDescription = "請授權將影片儲存到相簿";
				INFOPLIST_KEY_UIApplicationSupportsIndirectInputEvents = YES;
				INFOPLIST_KEY_UILaunchStoryboardName = LaunchScreen;
				INFOPLIST_KEY_UIMainStoryboardFile = Main;
				INFOPLIST_KEY_UISupportedInterfaceOrientations_iPad = "UIInterfaceOrientationPortrait UIInterfaceOrientationPortraitUpsideDown UIInterfaceOrientationLandscapeLeft UIInterfaceOrientationLandscapeRight";
				IPHONEOS_DEPLOYMENT_TARGET = 15.4;
				LD_RUNPATH_SEARCH_PATHS = (
					"$(inherited)",
					"@executable_path/Frameworks",
				);
				MARKETING_VERSION = 1.0;
				PRODUCT_BUNDLE_IDENTIFIER = MinsWorks.EnsembleWave;
				PRODUCT_NAME = "$(TARGET_NAME)";
				SWIFT_EMIT_LOC_STRINGS = YES;
				SWIFT_VERSION = 5.0;
				TARGETED_DEVICE_FAMILY = "1,2";
			};
			name = Debug;
		};
		9F007E922BC5107E00C22E5E /* Release */ = {
			isa = XCBuildConfiguration;
			baseConfigurationReference = 9AFD58F0277B014F9130A7D9 /* Pods-EnsembleWave.release.xcconfig */;
			buildSettings = {
				ASSETCATALOG_COMPILER_APPICON_NAME = AppIcon;
				ASSETCATALOG_COMPILER_GLOBAL_ACCENT_COLOR_NAME = AccentColor;
				CODE_SIGN_STYLE = Automatic;
				CURRENT_PROJECT_VERSION = 1;
				DEVELOPMENT_TEAM = T4VR973TMF;
				ENABLE_USER_SCRIPT_SANDBOXING = NO;
				GENERATE_INFOPLIST_FILE = YES;
				INFOPLIST_FILE = EnsembleWave/Info.plist;
				INFOPLIST_KEY_NSAppleMusicUsageDescription = "請授權存取音樂資料庫";
				INFOPLIST_KEY_NSCameraUsageDescription = "請授權使用相機以開始創作";
				INFOPLIST_KEY_NSMicrophoneUsageDescription = "請授權使用麥克風以收音";
				INFOPLIST_KEY_NSPhotoLibraryAddUsageDescription = "請授權將影片儲存到相簿";
				INFOPLIST_KEY_UIApplicationSupportsIndirectInputEvents = YES;
				INFOPLIST_KEY_UILaunchStoryboardName = LaunchScreen;
				INFOPLIST_KEY_UIMainStoryboardFile = Main;
				INFOPLIST_KEY_UISupportedInterfaceOrientations_iPad = "UIInterfaceOrientationPortrait UIInterfaceOrientationPortraitUpsideDown UIInterfaceOrientationLandscapeLeft UIInterfaceOrientationLandscapeRight";
				IPHONEOS_DEPLOYMENT_TARGET = 15.4;
				LD_RUNPATH_SEARCH_PATHS = (
					"$(inherited)",
					"@executable_path/Frameworks",
				);
				MARKETING_VERSION = 1.0;
				PRODUCT_BUNDLE_IDENTIFIER = MinsWorks.EnsembleWave;
				PRODUCT_NAME = "$(TARGET_NAME)";
				SWIFT_EMIT_LOC_STRINGS = YES;
				SWIFT_VERSION = 5.0;
				TARGETED_DEVICE_FAMILY = "1,2";
			};
			name = Release;
		};
		9F007E942BC5107E00C22E5E /* Debug */ = {
			isa = XCBuildConfiguration;
			baseConfigurationReference = 7B04106B4663FD2EC59FFD3A /* Pods-EnsembleWaveTests.debug.xcconfig */;
			buildSettings = {
				ALWAYS_EMBED_SWIFT_STANDARD_LIBRARIES = YES;
				BUNDLE_LOADER = "$(TEST_HOST)";
				CODE_SIGN_STYLE = Automatic;
				CURRENT_PROJECT_VERSION = 1;
				DEVELOPMENT_TEAM = T4VR973TMF;
				GENERATE_INFOPLIST_FILE = YES;
				IPHONEOS_DEPLOYMENT_TARGET = 17.4;
				MARKETING_VERSION = 1.0;
				PRODUCT_BUNDLE_IDENTIFIER = MinsWorks.EnsembleWaveTests;
				PRODUCT_NAME = "$(TARGET_NAME)";
				SWIFT_EMIT_LOC_STRINGS = NO;
				SWIFT_VERSION = 5.0;
				TARGETED_DEVICE_FAMILY = "1,2";
				TEST_HOST = "$(BUILT_PRODUCTS_DIR)/EnsembleWave.app/$(BUNDLE_EXECUTABLE_FOLDER_PATH)/EnsembleWave";
			};
			name = Debug;
		};
		9F007E952BC5107E00C22E5E /* Release */ = {
			isa = XCBuildConfiguration;
			baseConfigurationReference = C368520B942DA87E09E009B4 /* Pods-EnsembleWaveTests.release.xcconfig */;
			buildSettings = {
				ALWAYS_EMBED_SWIFT_STANDARD_LIBRARIES = YES;
				BUNDLE_LOADER = "$(TEST_HOST)";
				CODE_SIGN_STYLE = Automatic;
				CURRENT_PROJECT_VERSION = 1;
				DEVELOPMENT_TEAM = T4VR973TMF;
				GENERATE_INFOPLIST_FILE = YES;
				IPHONEOS_DEPLOYMENT_TARGET = 17.4;
				MARKETING_VERSION = 1.0;
				PRODUCT_BUNDLE_IDENTIFIER = MinsWorks.EnsembleWaveTests;
				PRODUCT_NAME = "$(TARGET_NAME)";
				SWIFT_EMIT_LOC_STRINGS = NO;
				SWIFT_VERSION = 5.0;
				TARGETED_DEVICE_FAMILY = "1,2";
				TEST_HOST = "$(BUILT_PRODUCTS_DIR)/EnsembleWave.app/$(BUNDLE_EXECUTABLE_FOLDER_PATH)/EnsembleWave";
			};
			name = Release;
		};
		9F007E972BC5107E00C22E5E /* Debug */ = {
			isa = XCBuildConfiguration;
			baseConfigurationReference = 4C818374A5D02083E8C79A73 /* Pods-EnsembleWave-EnsembleWaveUITests.debug.xcconfig */;
			buildSettings = {
				ALWAYS_EMBED_SWIFT_STANDARD_LIBRARIES = YES;
				CODE_SIGN_STYLE = Automatic;
				CURRENT_PROJECT_VERSION = 1;
				DEVELOPMENT_TEAM = T4VR973TMF;
				GENERATE_INFOPLIST_FILE = YES;
				MARKETING_VERSION = 1.0;
				PRODUCT_BUNDLE_IDENTIFIER = MinsWorks.EnsembleWaveUITests;
				PRODUCT_NAME = "$(TARGET_NAME)";
				SWIFT_EMIT_LOC_STRINGS = NO;
				SWIFT_VERSION = 5.0;
				TARGETED_DEVICE_FAMILY = "1,2";
				TEST_TARGET_NAME = EnsembleWave;
			};
			name = Debug;
		};
		9F007E982BC5107E00C22E5E /* Release */ = {
			isa = XCBuildConfiguration;
			baseConfigurationReference = 063D12577E3963929A1EE67B /* Pods-EnsembleWave-EnsembleWaveUITests.release.xcconfig */;
			buildSettings = {
				ALWAYS_EMBED_SWIFT_STANDARD_LIBRARIES = YES;
				CODE_SIGN_STYLE = Automatic;
				CURRENT_PROJECT_VERSION = 1;
				DEVELOPMENT_TEAM = T4VR973TMF;
				GENERATE_INFOPLIST_FILE = YES;
				MARKETING_VERSION = 1.0;
				PRODUCT_BUNDLE_IDENTIFIER = MinsWorks.EnsembleWaveUITests;
				PRODUCT_NAME = "$(TARGET_NAME)";
				SWIFT_EMIT_LOC_STRINGS = NO;
				SWIFT_VERSION = 5.0;
				TARGETED_DEVICE_FAMILY = "1,2";
				TEST_TARGET_NAME = EnsembleWave;
			};
			name = Release;
		};
/* End XCBuildConfiguration section */

/* Begin XCConfigurationList section */
		9F007E5E2BC5107C00C22E5E /* Build configuration list for PBXProject "EnsembleWave" */ = {
			isa = XCConfigurationList;
			buildConfigurations = (
				9F007E8E2BC5107E00C22E5E /* Debug */,
				9F007E8F2BC5107E00C22E5E /* Release */,
			);
			defaultConfigurationIsVisible = 0;
			defaultConfigurationName = Release;
		};
		9F007E902BC5107E00C22E5E /* Build configuration list for PBXNativeTarget "EnsembleWave" */ = {
			isa = XCConfigurationList;
			buildConfigurations = (
				9F007E912BC5107E00C22E5E /* Debug */,
				9F007E922BC5107E00C22E5E /* Release */,
			);
			defaultConfigurationIsVisible = 0;
			defaultConfigurationName = Release;
		};
		9F007E932BC5107E00C22E5E /* Build configuration list for PBXNativeTarget "EnsembleWaveTests" */ = {
			isa = XCConfigurationList;
			buildConfigurations = (
				9F007E942BC5107E00C22E5E /* Debug */,
				9F007E952BC5107E00C22E5E /* Release */,
			);
			defaultConfigurationIsVisible = 0;
			defaultConfigurationName = Release;
		};
		9F007E962BC5107E00C22E5E /* Build configuration list for PBXNativeTarget "EnsembleWaveUITests" */ = {
			isa = XCConfigurationList;
			buildConfigurations = (
				9F007E972BC5107E00C22E5E /* Debug */,
				9F007E982BC5107E00C22E5E /* Release */,
			);
			defaultConfigurationIsVisible = 0;
			defaultConfigurationName = Release;
		};
/* End XCConfigurationList section */

/* Begin XCRemoteSwiftPackageReference section */
		9F26D0642BD746E800C69465 /* XCRemoteSwiftPackageReference "lottie-spm" */ = {
			isa = XCRemoteSwiftPackageReference;
			repositoryURL = "https://github.com/airbnb/lottie-spm.git";
			requirement = {
				kind = upToNextMajorVersion;
				minimumVersion = 4.4.3;
			};
		};
		9F99AFB02BC79857003671BF /* XCRemoteSwiftPackageReference "firebase-ios-sdk" */ = {
			isa = XCRemoteSwiftPackageReference;
			repositoryURL = "https://github.com/firebase/firebase-ios-sdk";
			requirement = {
				kind = upToNextMajorVersion;
				minimumVersion = 10.24.0;
			};
		};
/* End XCRemoteSwiftPackageReference section */

/* Begin XCSwiftPackageProductDependency section */
		9F26D0652BD746E800C69465 /* Lottie */ = {
			isa = XCSwiftPackageProductDependency;
			package = 9F26D0642BD746E800C69465 /* XCRemoteSwiftPackageReference "lottie-spm" */;
			productName = Lottie;
		};
		9F99AFB12BC79857003671BF /* FirebaseAuth */ = {
			isa = XCSwiftPackageProductDependency;
			package = 9F99AFB02BC79857003671BF /* XCRemoteSwiftPackageReference "firebase-ios-sdk" */;
			productName = FirebaseAuth;
		};
		9F99AFB32BC79857003671BF /* FirebaseFirestoreSwift */ = {
			isa = XCSwiftPackageProductDependency;
			package = 9F99AFB02BC79857003671BF /* XCRemoteSwiftPackageReference "firebase-ios-sdk" */;
			productName = FirebaseFirestoreSwift;
		};
		9F99AFB52BC79857003671BF /* FirebaseStorage */ = {
			isa = XCSwiftPackageProductDependency;
			package = 9F99AFB02BC79857003671BF /* XCRemoteSwiftPackageReference "firebase-ios-sdk" */;
			productName = FirebaseStorage;
		};
/* End XCSwiftPackageProductDependency section */

/* Begin XCVersionGroup section */
		9F007E6F2BC5107C00C22E5E /* EnsembleWave.xcdatamodeld */ = {
			isa = XCVersionGroup;
			children = (
				9F007E702BC5107C00C22E5E /* EnsembleWave.xcdatamodel */,
			);
			currentVersion = 9F007E702BC5107C00C22E5E /* EnsembleWave.xcdatamodel */;
			path = EnsembleWave.xcdatamodeld;
			sourceTree = "<group>";
			versionGroupType = wrapper.xcdatamodel;
		};
/* End XCVersionGroup section */
	};
	rootObject = 9F007E5B2BC5107C00C22E5E /* Project object */;
}
